// !$*UTF8*$!
{
	archiveVersion = 1;
	classes = {
	};
	objectVersion = 50;
	objects = {

/* Begin PBXBuildFile section */
		9CBFA8D422415D78000A0CFB /* images (1).jpg in Resources */ = {isa = PBXBuildFile; fileRef = 9CBFA8BB22415D78000A0CFB /* images (1).jpg */; };
		9CBFA8D522415D78000A0CFB /* 0001429587.JPG in Resources */ = {isa = PBXBuildFile; fileRef = 9CBFA8BC22415D78000A0CFB /* 0001429587.JPG */; };
		9CBFA8D622415D78000A0CFB /* 简·皮耶尔·波鲁纳雷夫-能力.PNG in Resources */ = {isa = PBXBuildFile; fileRef = 9CBFA8BD22415D78000A0CFB /* 简·皮耶尔·波鲁纳雷夫-能力.PNG */; };
		9CBFA8D722415D78000A0CFB /* 花京院典明-能力.PNG in Resources */ = {isa = PBXBuildFile; fileRef = 9CBFA8BE22415D78000A0CFB /* 花京院典明-能力.PNG */; };
		9CBFA8D822415D78000A0CFB /* 封面.JPG in Resources */ = {isa = PBXBuildFile; fileRef = 9CBFA8BF22415D78000A0CFB /* 封面.JPG */; };
		9CBFA8D922415D78000A0CFB /* 549e4c7e.jpg in Resources */ = {isa = PBXBuildFile; fileRef = 9CBFA8C022415D78000A0CFB /* 549e4c7e.jpg */; };
		9CBFA8DA22415D78000A0CFB /* 空條承太郎-能力-(6初期).PNG in Resources */ = {isa = PBXBuildFile; fileRef = 9CBFA8C122415D78000A0CFB /* 空條承太郎-能力-(6初期).PNG */; };
		9CBFA8DB22415D78000A0CFB /* speedwagon.png in Resources */ = {isa = PBXBuildFile; fileRef = 9CBFA8C222415D78000A0CFB /* speedwagon.png */; };
		9CBFA8DC22415D78000A0CFB /* 喬瑟夫·喬斯達.jpg in Resources */ = {isa = PBXBuildFile; fileRef = 9CBFA8C322415D78000A0CFB /* 喬瑟夫·喬斯達.jpg */; };
		9CBFA8DD22415D78000A0CFB /* 空條徐倫-能力表.PNG in Resources */ = {isa = PBXBuildFile; fileRef = 9CBFA8C422415D78000A0CFB /* 空條徐倫-能力表.PNG */; };
		9CBFA8DE22415D78000A0CFB /* 西撒.jpg in Resources */ = {isa = PBXBuildFile; fileRef = 9CBFA8C522415D78000A0CFB /* 西撒.jpg */; };
		9CBFA8DF22415D78000A0CFB /* dio2.jpg in Resources */ = {isa = PBXBuildFile; fileRef = 9CBFA8C622415D78000A0CFB /* dio2.jpg */; };
		9CBFA8E122415D78000A0CFB /* 0001473620.JPG in Resources */ = {isa = PBXBuildFile; fileRef = 9CBFA8C822415D78000A0CFB /* 0001473620.JPG */; };
		9CBFA8E222415D78000A0CFB /* 莉莎莉莎.jpg in Resources */ = {isa = PBXBuildFile; fileRef = 9CBFA8C922415D78000A0CFB /* 莉莎莉莎.jpg */; };
		9CBFA8E322415D78000A0CFB /* 空條承太郎-能力-(6後期).PNG in Resources */ = {isa = PBXBuildFile; fileRef = 9CBFA8CA22415D78000A0CFB /* 空條承太郎-能力-(6後期).PNG */; };
		9CBFA8E422415D78000A0CFB /* ジョナサン・ジョースター.jpg in Resources */ = {isa = PBXBuildFile; fileRef = 9CBFA8CB22415D78000A0CFB /* ジョナサン・ジョースター.jpg */; };
		9CBFA8E522415D78000A0CFB /* 48421029_1217245555099253_6947797874084151296_n.jpg in Resources */ = {isa = PBXBuildFile; fileRef = 9CBFA8CC22415D78000A0CFB /* 48421029_1217245555099253_6947797874084151296_n.jpg */; };
		9CBFA8E622415D78000A0CFB /* dio.png in Resources */ = {isa = PBXBuildFile; fileRef = 9CBFA8CD22415D78000A0CFB /* dio.png */; };
		9CBFA8E722415D78000A0CFB /* 穆罕默德·阿布德爾-能力.PNG in Resources */ = {isa = PBXBuildFile; fileRef = 9CBFA8CE22415D78000A0CFB /* 穆罕默德·阿布德爾-能力.PNG */; };
		9CBFA8E822415D78000A0CFB /* 空條承太郎-能力-(3,4).PNG in Resources */ = {isa = PBXBuildFile; fileRef = 9CBFA8CF22415D78000A0CFB /* 空條承太郎-能力-(3,4).PNG */; };
		9CBFA8E922415D78000A0CFB /* 09lKtaZ.gif in Resources */ = {isa = PBXBuildFile; fileRef = 9CBFA8D022415D78000A0CFB /* 09lKtaZ.gif */; };
		9CBFA8EA22415D78000A0CFB /* 威廉·A·齐贝林.jpg in Resources */ = {isa = PBXBuildFile; fileRef = 9CBFA8D122415D78000A0CFB /* 威廉·A·齐贝林.jpg */; };
		9CBFA8EB22415D78000A0CFB /* images.jpg in Resources */ = {isa = PBXBuildFile; fileRef = 9CBFA8D222415D78000A0CFB /* images.jpg */; };
		9CBFA8EC22415D78000A0CFB /* 喬瑟夫·喬斯達-能力.PNG in Resources */ = {isa = PBXBuildFile; fileRef = 9CBFA8D322415D78000A0CFB /* 喬瑟夫·喬斯達-能力.PNG */; };
		9CBFA8F022416492000A0CFB /* kakyoin.png in Resources */ = {isa = PBXBuildFile; fileRef = 9CBFA8ED22416491000A0CFB /* kakyoin.png */; };
		9CBFA8F122416492000A0CFB /* 空條承太郎.png in Resources */ = {isa = PBXBuildFile; fileRef = 9CBFA8EE22416492000A0CFB /* 空條承太郎.png */; };
		9CBFA8F222416492000A0CFB /* Joseph Joestar.png in Resources */ = {isa = PBXBuildFile; fileRef = 9CBFA8EF22416492000A0CFB /* Joseph Joestar.png */; };
		9CBFA8F4224167EB000A0CFB /* polnareff.png in Resources */ = {isa = PBXBuildFile; fileRef = 9CBFA8F3224167EB000A0CFB /* polnareff.png */; };
		9CBFA8F7224168C6000A0CFB /* 250px-MuhammadAvdol.png in Resources */ = {isa = PBXBuildFile; fileRef = 9CBFA8F5224168C6000A0CFB /* 250px-MuhammadAvdol.png */; };
		9CBFA8F8224168C6000A0CFB /* アヴドゥル.png in Resources */ = {isa = PBXBuildFile; fileRef = 9CBFA8F6224168C6000A0CFB /* アヴドゥル.png */; };
		9CBFA8FC22416BF2000A0CFB /* b10e5901.jpg in Resources */ = {isa = PBXBuildFile; fileRef = 9CBFA8F922416BF2000A0CFB /* b10e5901.jpg */; };
		9CBFA8FD22416BF2000A0CFB /* イギー.png in Resources */ = {isa = PBXBuildFile; fileRef = 9CBFA8FA22416BF2000A0CFB /* イギー.png */; };
		9CBFA8FE22416BF2000A0CFB /* イギー2.jpg in Resources */ = {isa = PBXBuildFile; fileRef = 9CBFA8FB22416BF2000A0CFB /* イギー2.jpg */; };
		9CBFA906224179CA000A0CFB /* 300px-Magician's_Red_AnimeAV.png in Resources */ = {isa = PBXBuildFile; fileRef = 9CBFA901224179C9000A0CFB /* 300px-Magician's_Red_AnimeAV.png */; };
		9CBFA907224179CA000A0CFB /* Silver chariots.png in Resources */ = {isa = PBXBuildFile; fileRef = 9CBFA902224179C9000A0CFB /* Silver chariots.png */; };
		9CBFA908224179CA000A0CFB /* The_Fool_Stand.png in Resources */ = {isa = PBXBuildFile; fileRef = 9CBFA903224179CA000A0CFB /* The_Fool_Stand.png */; };
		9CBFA90A22417A1C000A0CFB /* star platinum.png in Resources */ = {isa = PBXBuildFile; fileRef = 9CBFA90922417A1C000A0CFB /* star platinum.png */; };
		9CBFA90C22417E66000A0CFB /* 花京院典明＿封面.jpg in Resources */ = {isa = PBXBuildFile; fileRef = 9CBFA90B22417E66000A0CFB /* 花京院典明＿封面.jpg */; };
		9CBFA90E22417EB5000A0CFB /* ハイエロファントグリーン.png in Resources */ = {isa = PBXBuildFile; fileRef = 9CBFA90D22417EB5000A0CFB /* ハイエロファントグリーン.png */; };
		9CBFA91022417FB4000A0CFB /* 二喬.png in Resources */ = {isa = PBXBuildFile; fileRef = 9CBFA90F22417FB4000A0CFB /* 二喬.png */; };
		9CBFA91222418105000A0CFB /* 隐者之紫.jpg in Resources */ = {isa = PBXBuildFile; fileRef = 9CBFA91122418105000A0CFB /* 隐者之紫.jpg */; };
		9CBFA914224181F1000A0CFB /* polnareff_封面.jpg in Resources */ = {isa = PBXBuildFile; fileRef = 9CBFA913224181F1000A0CFB /* polnareff_封面.jpg */; };
		9CBFA9162241832F000A0CFB /* YESIAM!_Anime.png in Resources */ = {isa = PBXBuildFile; fileRef = 9CBFA9152241832F000A0CFB /* YESIAM!_Anime.png */; };
		9CBFA91822418488000A0CFB /* 伊奇＿能力.png in Resources */ = {isa = PBXBuildFile; fileRef = 9CBFA91722418487000A0CFB /* 伊奇＿能力.png */; };
		9CBFA91A22420878000A0CFB /* 54433079_410689553066156_6284058996869431296_n copy 3.png in Resources */ = {isa = PBXBuildFile; fileRef = 9CBFA91922420878000A0CFB /* 54433079_410689553066156_6284058996869431296_n copy 3.png */; };
		9CBFA91E22420A30000A0CFB /* home-2.pdf in Resources */ = {isa = PBXBuildFile; fileRef = 9CBFA91B22420A30000A0CFB /* home-2.pdf */; };
		9CBFA91F22420A30000A0CFB /* profiles.pdf in Resources */ = {isa = PBXBuildFile; fileRef = 9CBFA91C22420A30000A0CFB /* profiles.pdf */; };
		9CBFA92022420A30000A0CFB /* home.pdf in Resources */ = {isa = PBXBuildFile; fileRef = 9CBFA91D22420A30000A0CFB /* home.pdf */; };
		9CE99820224217A50001D322 /* home.png in Resources */ = {isa = PBXBuildFile; fileRef = 9CE9981E224217A50001D322 /* home.png */; };
		9CE99821224217A50001D322 /* profiles.png in Resources */ = {isa = PBXBuildFile; fileRef = 9CE9981F224217A50001D322 /* profiles.png */; };
		9CE99824224222D20001D322 /* StardustCrusaders.storyboard in Resources */ = {isa = PBXBuildFile; fileRef = 9CE99822224222D20001D322 /* StardustCrusaders.storyboard */; };
		F9E9FD3D223E5B3B0011555C /* AppDelegate.swift in Sources */ = {isa = PBXBuildFile; fileRef = F9E9FD3C223E5B3B0011555C /* AppDelegate.swift */; };
		F9E9FD3F223E5B3B0011555C /* ViewController.swift in Sources */ = {isa = PBXBuildFile; fileRef = F9E9FD3E223E5B3B0011555C /* ViewController.swift */; };
		F9E9FD42223E5B3B0011555C /* Main.storyboard in Resources */ = {isa = PBXBuildFile; fileRef = F9E9FD40223E5B3B0011555C /* Main.storyboard */; };
		F9E9FD44223E5B3C0011555C /* Assets.xcassets in Resources */ = {isa = PBXBuildFile; fileRef = F9E9FD43223E5B3C0011555C /* Assets.xcassets */; };
		F9E9FD47223E5B3C0011555C /* LaunchScreen.storyboard in Resources */ = {isa = PBXBuildFile; fileRef = F9E9FD45223E5B3C0011555C /* LaunchScreen.storyboard */; };
		F9E9FD52223E5B3C0011555C /* eBook_HWTests.swift in Sources */ = {isa = PBXBuildFile; fileRef = F9E9FD51223E5B3C0011555C /* eBook_HWTests.swift */; };
		F9E9FD5D223E5B3C0011555C /* eBook_HWUITests.swift in Sources */ = {isa = PBXBuildFile; fileRef = F9E9FD5C223E5B3C0011555C /* eBook_HWUITests.swift */; };
/* End PBXBuildFile section */

/* Begin PBXContainerItemProxy section */
		F9E9FD4E223E5B3C0011555C /* PBXContainerItemProxy */ = {
			isa = PBXContainerItemProxy;
			containerPortal = F9E9FD31223E5B3B0011555C /* Project object */;
			proxyType = 1;
			remoteGlobalIDString = F9E9FD38223E5B3B0011555C;
			remoteInfo = "eBook-HW";
		};
		F9E9FD59223E5B3C0011555C /* PBXContainerItemProxy */ = {
			isa = PBXContainerItemProxy;
			containerPortal = F9E9FD31223E5B3B0011555C /* Project object */;
			proxyType = 1;
			remoteGlobalIDString = F9E9FD38223E5B3B0011555C;
			remoteInfo = "eBook-HW";
		};
/* End PBXContainerItemProxy section */

/* Begin PBXFileReference section */
		9CBFA8BB22415D78000A0CFB /* images (1).jpg */ = {isa = PBXFileReference; lastKnownFileType = image.jpeg; path = "images (1).jpg"; sourceTree = "<group>"; };
		9CBFA8BC22415D78000A0CFB /* 0001429587.JPG */ = {isa = PBXFileReference; lastKnownFileType = image.jpeg; path = 0001429587.JPG; sourceTree = "<group>"; };
		9CBFA8BD22415D78000A0CFB /* 简·皮耶尔·波鲁纳雷夫-能力.PNG */ = {isa = PBXFileReference; lastKnownFileType = image.png; path = "简·皮耶尔·波鲁纳雷夫-能力.PNG"; sourceTree = "<group>"; };
		9CBFA8BE22415D78000A0CFB /* 花京院典明-能力.PNG */ = {isa = PBXFileReference; lastKnownFileType = image.png; path = "花京院典明-能力.PNG"; sourceTree = "<group>"; };
		9CBFA8BF22415D78000A0CFB /* 封面.JPG */ = {isa = PBXFileReference; lastKnownFileType = image.jpeg; path = "封面.JPG"; sourceTree = "<group>"; };
		9CBFA8C022415D78000A0CFB /* 549e4c7e.jpg */ = {isa = PBXFileReference; lastKnownFileType = image.jpeg; path = 549e4c7e.jpg; sourceTree = "<group>"; };
		9CBFA8C122415D78000A0CFB /* 空條承太郎-能力-(6初期).PNG */ = {isa = PBXFileReference; lastKnownFileType = image.png; path = "空條承太郎-能力-(6初期).PNG"; sourceTree = "<group>"; };
		9CBFA8C222415D78000A0CFB /* speedwagon.png */ = {isa = PBXFileReference; lastKnownFileType = image.png; path = speedwagon.png; sourceTree = "<group>"; };
		9CBFA8C322415D78000A0CFB /* 喬瑟夫·喬斯達.jpg */ = {isa = PBXFileReference; lastKnownFileType = image.jpeg; path = "喬瑟夫·喬斯達.jpg"; sourceTree = "<group>"; };
		9CBFA8C422415D78000A0CFB /* 空條徐倫-能力表.PNG */ = {isa = PBXFileReference; lastKnownFileType = image.png; path = "空條徐倫-能力表.PNG"; sourceTree = "<group>"; };
		9CBFA8C522415D78000A0CFB /* 西撒.jpg */ = {isa = PBXFileReference; lastKnownFileType = image.jpeg; path = "西撒.jpg"; sourceTree = "<group>"; };
		9CBFA8C622415D78000A0CFB /* dio2.jpg */ = {isa = PBXFileReference; lastKnownFileType = image.jpeg; path = dio2.jpg; sourceTree = "<group>"; };
		9CBFA8C822415D78000A0CFB /* 0001473620.JPG */ = {isa = PBXFileReference; lastKnownFileType = image.jpeg; path = 0001473620.JPG; sourceTree = "<group>"; };
		9CBFA8C922415D78000A0CFB /* 莉莎莉莎.jpg */ = {isa = PBXFileReference; lastKnownFileType = image.jpeg; path = "莉莎莉莎.jpg"; sourceTree = "<group>"; };
		9CBFA8CA22415D78000A0CFB /* 空條承太郎-能力-(6後期).PNG */ = {isa = PBXFileReference; lastKnownFileType = image.png; path = "空條承太郎-能力-(6後期).PNG"; sourceTree = "<group>"; };
		9CBFA8CB22415D78000A0CFB /* ジョナサン・ジョースター.jpg */ = {isa = PBXFileReference; lastKnownFileType = image.jpeg; path = "ジョナサン・ジョースター.jpg"; sourceTree = "<group>"; };
		9CBFA8CC22415D78000A0CFB /* 48421029_1217245555099253_6947797874084151296_n.jpg */ = {isa = PBXFileReference; lastKnownFileType = image.jpeg; path = 48421029_1217245555099253_6947797874084151296_n.jpg; sourceTree = "<group>"; };
		9CBFA8CD22415D78000A0CFB /* dio.png */ = {isa = PBXFileReference; lastKnownFileType = image.png; path = dio.png; sourceTree = "<group>"; };
		9CBFA8CE22415D78000A0CFB /* 穆罕默德·阿布德爾-能力.PNG */ = {isa = PBXFileReference; lastKnownFileType = image.png; path = "穆罕默德·阿布德爾-能力.PNG"; sourceTree = "<group>"; };
		9CBFA8CF22415D78000A0CFB /* 空條承太郎-能力-(3,4).PNG */ = {isa = PBXFileReference; lastKnownFileType = image.png; path = "空條承太郎-能力-(3,4).PNG"; sourceTree = "<group>"; };
		9CBFA8D022415D78000A0CFB /* 09lKtaZ.gif */ = {isa = PBXFileReference; lastKnownFileType = image.gif; path = 09lKtaZ.gif; sourceTree = "<group>"; };
		9CBFA8D122415D78000A0CFB /* 威廉·A·齐贝林.jpg */ = {isa = PBXFileReference; lastKnownFileType = image.jpeg; path = "威廉·A·齐贝林.jpg"; sourceTree = "<group>"; };
		9CBFA8D222415D78000A0CFB /* images.jpg */ = {isa = PBXFileReference; lastKnownFileType = image.jpeg; path = images.jpg; sourceTree = "<group>"; };
		9CBFA8D322415D78000A0CFB /* 喬瑟夫·喬斯達-能力.PNG */ = {isa = PBXFileReference; lastKnownFileType = image.png; path = "喬瑟夫·喬斯達-能力.PNG"; sourceTree = "<group>"; };
		9CBFA8ED22416491000A0CFB /* kakyoin.png */ = {isa = PBXFileReference; lastKnownFileType = image.png; path = kakyoin.png; sourceTree = "<group>"; };
		9CBFA8EE22416492000A0CFB /* 空條承太郎.png */ = {isa = PBXFileReference; lastKnownFileType = image.png; path = "空條承太郎.png"; sourceTree = "<group>"; };
		9CBFA8EF22416492000A0CFB /* Joseph Joestar.png */ = {isa = PBXFileReference; lastKnownFileType = image.png; path = "Joseph Joestar.png"; sourceTree = "<group>"; };
		9CBFA8F3224167EB000A0CFB /* polnareff.png */ = {isa = PBXFileReference; lastKnownFileType = image.png; path = polnareff.png; sourceTree = "<group>"; };
		9CBFA8F5224168C6000A0CFB /* 250px-MuhammadAvdol.png */ = {isa = PBXFileReference; lastKnownFileType = image.png; path = "250px-MuhammadAvdol.png"; sourceTree = "<group>"; };
		9CBFA8F6224168C6000A0CFB /* アヴドゥル.png */ = {isa = PBXFileReference; lastKnownFileType = image.png; path = "アヴドゥル.png"; sourceTree = "<group>"; };
		9CBFA8F922416BF2000A0CFB /* b10e5901.jpg */ = {isa = PBXFileReference; lastKnownFileType = image.jpeg; path = b10e5901.jpg; sourceTree = "<group>"; };
		9CBFA8FA22416BF2000A0CFB /* イギー.png */ = {isa = PBXFileReference; lastKnownFileType = image.png; path = "イギー.png"; sourceTree = "<group>"; };
		9CBFA8FB22416BF2000A0CFB /* イギー2.jpg */ = {isa = PBXFileReference; lastKnownFileType = image.jpeg; path = "イギー2.jpg"; sourceTree = "<group>"; };
		9CBFA901224179C9000A0CFB /* 300px-Magician's_Red_AnimeAV.png */ = {isa = PBXFileReference; lastKnownFileType = image.png; path = "300px-Magician's_Red_AnimeAV.png"; sourceTree = "<group>"; };
		9CBFA902224179C9000A0CFB /* Silver chariots.png */ = {isa = PBXFileReference; lastKnownFileType = image.png; path = "Silver chariots.png"; sourceTree = "<group>"; };
		9CBFA903224179CA000A0CFB /* The_Fool_Stand.png */ = {isa = PBXFileReference; lastKnownFileType = image.png; path = The_Fool_Stand.png; sourceTree = "<group>"; };
		9CBFA90922417A1C000A0CFB /* star platinum.png */ = {isa = PBXFileReference; lastKnownFileType = image.png; path = "star platinum.png"; sourceTree = "<group>"; };
		9CBFA90B22417E66000A0CFB /* 花京院典明＿封面.jpg */ = {isa = PBXFileReference; lastKnownFileType = image.jpeg; path = "花京院典明＿封面.jpg"; sourceTree = "<group>"; };
		9CBFA90D22417EB5000A0CFB /* ハイエロファントグリーン.png */ = {isa = PBXFileReference; lastKnownFileType = image.png; path = "ハイエロファントグリーン.png"; sourceTree = "<group>"; };
		9CBFA90F22417FB4000A0CFB /* 二喬.png */ = {isa = PBXFileReference; lastKnownFileType = image.png; path = "二喬.png"; sourceTree = "<group>"; };
		9CBFA91122418105000A0CFB /* 隐者之紫.jpg */ = {isa = PBXFileReference; lastKnownFileType = image.jpeg; path = "隐者之紫.jpg"; sourceTree = "<group>"; };
		9CBFA913224181F1000A0CFB /* polnareff_封面.jpg */ = {isa = PBXFileReference; lastKnownFileType = image.jpeg; path = "polnareff_封面.jpg"; sourceTree = "<group>"; };
		9CBFA9152241832F000A0CFB /* YESIAM!_Anime.png */ = {isa = PBXFileReference; lastKnownFileType = image.png; path = "YESIAM!_Anime.png"; sourceTree = "<group>"; };
		9CBFA91722418487000A0CFB /* 伊奇＿能力.png */ = {isa = PBXFileReference; lastKnownFileType = image.png; path = "伊奇＿能力.png"; sourceTree = "<group>"; };
		9CBFA91922420878000A0CFB /* 54433079_410689553066156_6284058996869431296_n copy 3.png */ = {isa = PBXFileReference; lastKnownFileType = image.png; path = "54433079_410689553066156_6284058996869431296_n copy 3.png"; sourceTree = "<group>"; };
		9CBFA91B22420A30000A0CFB /* home-2.pdf */ = {isa = PBXFileReference; lastKnownFileType = image.pdf; path = "home-2.pdf"; sourceTree = "<group>"; };
		9CBFA91C22420A30000A0CFB /* profiles.pdf */ = {isa = PBXFileReference; lastKnownFileType = image.pdf; path = profiles.pdf; sourceTree = "<group>"; };
		9CBFA91D22420A30000A0CFB /* home.pdf */ = {isa = PBXFileReference; lastKnownFileType = image.pdf; path = home.pdf; sourceTree = "<group>"; };
		9CE9981E224217A50001D322 /* home.png */ = {isa = PBXFileReference; lastKnownFileType = image.png; path = home.png; sourceTree = "<group>"; };
		9CE9981F224217A50001D322 /* profiles.png */ = {isa = PBXFileReference; lastKnownFileType = image.png; path = profiles.png; sourceTree = "<group>"; };
		9CE99823224222D20001D322 /* Base */ = {isa = PBXFileReference; lastKnownFileType = file.storyboard; name = Base; path = "eBook-HW/Base.lproj/StardustCrusaders.storyboard"; sourceTree = "<group>"; };
		F9E9FD39223E5B3B0011555C /* eBook-HW.app */ = {isa = PBXFileReference; explicitFileType = wrapper.application; includeInIndex = 0; path = "eBook-HW.app"; sourceTree = BUILT_PRODUCTS_DIR; };
		F9E9FD3C223E5B3B0011555C /* AppDelegate.swift */ = {isa = PBXFileReference; lastKnownFileType = sourcecode.swift; path = AppDelegate.swift; sourceTree = "<group>"; };
		F9E9FD3E223E5B3B0011555C /* ViewController.swift */ = {isa = PBXFileReference; lastKnownFileType = sourcecode.swift; path = ViewController.swift; sourceTree = "<group>"; };
		F9E9FD41223E5B3B0011555C /* Base */ = {isa = PBXFileReference; lastKnownFileType = file.storyboard; name = Base; path = Base.lproj/Main.storyboard; sourceTree = "<group>"; };
		F9E9FD43223E5B3C0011555C /* Assets.xcassets */ = {isa = PBXFileReference; lastKnownFileType = folder.assetcatalog; path = Assets.xcassets; sourceTree = "<group>"; };
		F9E9FD46223E5B3C0011555C /* Base */ = {isa = PBXFileReference; lastKnownFileType = file.storyboard; name = Base; path = Base.lproj/LaunchScreen.storyboard; sourceTree = "<group>"; };
		F9E9FD48223E5B3C0011555C /* Info.plist */ = {isa = PBXFileReference; lastKnownFileType = text.plist.xml; path = Info.plist; sourceTree = "<group>"; };
		F9E9FD4D223E5B3C0011555C /* eBook-HWTests.xctest */ = {isa = PBXFileReference; explicitFileType = wrapper.cfbundle; includeInIndex = 0; path = "eBook-HWTests.xctest"; sourceTree = BUILT_PRODUCTS_DIR; };
		F9E9FD51223E5B3C0011555C /* eBook_HWTests.swift */ = {isa = PBXFileReference; lastKnownFileType = sourcecode.swift; path = eBook_HWTests.swift; sourceTree = "<group>"; };
		F9E9FD53223E5B3C0011555C /* Info.plist */ = {isa = PBXFileReference; lastKnownFileType = text.plist.xml; path = Info.plist; sourceTree = "<group>"; };
		F9E9FD58223E5B3C0011555C /* eBook-HWUITests.xctest */ = {isa = PBXFileReference; explicitFileType = wrapper.cfbundle; includeInIndex = 0; path = "eBook-HWUITests.xctest"; sourceTree = BUILT_PRODUCTS_DIR; };
		F9E9FD5C223E5B3C0011555C /* eBook_HWUITests.swift */ = {isa = PBXFileReference; lastKnownFileType = sourcecode.swift; path = eBook_HWUITests.swift; sourceTree = "<group>"; };
		F9E9FD5E223E5B3C0011555C /* Info.plist */ = {isa = PBXFileReference; lastKnownFileType = text.plist.xml; path = Info.plist; sourceTree = "<group>"; };
/* End PBXFileReference section */

/* Begin PBXFrameworksBuildPhase section */
		F9E9FD36223E5B3B0011555C /* Frameworks */ = {
			isa = PBXFrameworksBuildPhase;
			buildActionMask = 2147483647;
			files = (
			);
			runOnlyForDeploymentPostprocessing = 0;
		};
		F9E9FD4A223E5B3C0011555C /* Frameworks */ = {
			isa = PBXFrameworksBuildPhase;
			buildActionMask = 2147483647;
			files = (
			);
			runOnlyForDeploymentPostprocessing = 0;
		};
		F9E9FD55223E5B3C0011555C /* Frameworks */ = {
			isa = PBXFrameworksBuildPhase;
			buildActionMask = 2147483647;
			files = (
			);
			runOnlyForDeploymentPostprocessing = 0;
		};
/* End PBXFrameworksBuildPhase section */

/* Begin PBXGroup section */
		9CBFA8BA22415D78000A0CFB /* iosHW-jojo設定集資料 */ = {
			isa = PBXGroup;
			children = (
				9CE9981E224217A50001D322 /* home.png */,
				9CE9981F224217A50001D322 /* profiles.png */,
				9CBFA91B22420A30000A0CFB /* home-2.pdf */,
				9CBFA91D22420A30000A0CFB /* home.pdf */,
				9CBFA91C22420A30000A0CFB /* profiles.pdf */,
				9CBFA91922420878000A0CFB /* 54433079_410689553066156_6284058996869431296_n copy 3.png */,
				9CBFA91722418487000A0CFB /* 伊奇＿能力.png */,
				9CBFA9152241832F000A0CFB /* YESIAM!_Anime.png */,
				9CBFA913224181F1000A0CFB /* polnareff_封面.jpg */,
				9CBFA91122418105000A0CFB /* 隐者之紫.jpg */,
				9CBFA90F22417FB4000A0CFB /* 二喬.png */,
				9CBFA90D22417EB5000A0CFB /* ハイエロファントグリーン.png */,
				9CBFA90B22417E66000A0CFB /* 花京院典明＿封面.jpg */,
				9CBFA90922417A1C000A0CFB /* star platinum.png */,
				9CBFA901224179C9000A0CFB /* 300px-Magician's_Red_AnimeAV.png */,
				9CBFA902224179C9000A0CFB /* Silver chariots.png */,
				9CBFA903224179CA000A0CFB /* The_Fool_Stand.png */,
				9CBFA8F922416BF2000A0CFB /* b10e5901.jpg */,
				9CBFA8FA22416BF2000A0CFB /* イギー.png */,
				9CBFA8FB22416BF2000A0CFB /* イギー2.jpg */,
				9CBFA8F5224168C6000A0CFB /* 250px-MuhammadAvdol.png */,
				9CBFA8F6224168C6000A0CFB /* アヴドゥル.png */,
				9CBFA8F3224167EB000A0CFB /* polnareff.png */,
				9CBFA8EF22416492000A0CFB /* Joseph Joestar.png */,
				9CBFA8ED22416491000A0CFB /* kakyoin.png */,
				9CBFA8EE22416492000A0CFB /* 空條承太郎.png */,
				9CBFA8BB22415D78000A0CFB /* images (1).jpg */,
				9CBFA8BC22415D78000A0CFB /* 0001429587.JPG */,
				9CBFA8BD22415D78000A0CFB /* 简·皮耶尔·波鲁纳雷夫-能力.PNG */,
				9CBFA8BE22415D78000A0CFB /* 花京院典明-能力.PNG */,
				9CBFA8BF22415D78000A0CFB /* 封面.JPG */,
				9CBFA8C022415D78000A0CFB /* 549e4c7e.jpg */,
				9CBFA8C122415D78000A0CFB /* 空條承太郎-能力-(6初期).PNG */,
				9CBFA8C222415D78000A0CFB /* speedwagon.png */,
				9CBFA8C322415D78000A0CFB /* 喬瑟夫·喬斯達.jpg */,
				9CBFA8C422415D78000A0CFB /* 空條徐倫-能力表.PNG */,
				9CBFA8C522415D78000A0CFB /* 西撒.jpg */,
				9CBFA8C622415D78000A0CFB /* dio2.jpg */,
				9CBFA8C822415D78000A0CFB /* 0001473620.JPG */,
				9CBFA8C922415D78000A0CFB /* 莉莎莉莎.jpg */,
				9CBFA8CA22415D78000A0CFB /* 空條承太郎-能力-(6後期).PNG */,
				9CBFA8CB22415D78000A0CFB /* ジョナサン・ジョースター.jpg */,
				9CBFA8CC22415D78000A0CFB /* 48421029_1217245555099253_6947797874084151296_n.jpg */,
				9CBFA8CD22415D78000A0CFB /* dio.png */,
				9CBFA8CE22415D78000A0CFB /* 穆罕默德·阿布德爾-能力.PNG */,
				9CBFA8CF22415D78000A0CFB /* 空條承太郎-能力-(3,4).PNG */,
				9CBFA8D022415D78000A0CFB /* 09lKtaZ.gif */,
				9CBFA8D122415D78000A0CFB /* 威廉·A·齐贝林.jpg */,
				9CBFA8D222415D78000A0CFB /* images.jpg */,
				9CBFA8D322415D78000A0CFB /* 喬瑟夫·喬斯達-能力.PNG */,
			);
			name = "iosHW-jojo設定集資料";
			path = "Assets.xcassets/iosHW-jojo設定集資料";
			sourceTree = "<group>";
		};
		F9E9FD30223E5B3B0011555C = {
			isa = PBXGroup;
			children = (
				F9E9FD3B223E5B3B0011555C /* eBook-HW */,
				F9E9FD50223E5B3C0011555C /* eBook-HWTests */,
				F9E9FD5B223E5B3C0011555C /* eBook-HWUITests */,
				F9E9FD3A223E5B3B0011555C /* Products */,
			);
			sourceTree = "<group>";
		};
		F9E9FD3A223E5B3B0011555C /* Products */ = {
			isa = PBXGroup;
			children = (
				F9E9FD39223E5B3B0011555C /* eBook-HW.app */,
				F9E9FD4D223E5B3C0011555C /* eBook-HWTests.xctest */,
				F9E9FD58223E5B3C0011555C /* eBook-HWUITests.xctest */,
			);
			name = Products;
			sourceTree = "<group>";
		};
		F9E9FD3B223E5B3B0011555C /* eBook-HW */ = {
			isa = PBXGroup;
			children = (
				9CE99822224222D20001D322 /* StardustCrusaders.storyboard */,
				F9E9FD3C223E5B3B0011555C /* AppDelegate.swift */,
				F9E9FD3E223E5B3B0011555C /* ViewController.swift */,
				F9E9FD40223E5B3B0011555C /* Main.storyboard */,
				F9E9FD43223E5B3C0011555C /* Assets.xcassets */,
				9CBFA8BA22415D78000A0CFB /* iosHW-jojo設定集資料 */,
				F9E9FD45223E5B3C0011555C /* LaunchScreen.storyboard */,
				F9E9FD48223E5B3C0011555C /* Info.plist */,
			);
			path = "eBook-HW";
			sourceTree = "<group>";
		};
		F9E9FD50223E5B3C0011555C /* eBook-HWTests */ = {
			isa = PBXGroup;
			children = (
				F9E9FD51223E5B3C0011555C /* eBook_HWTests.swift */,
				F9E9FD53223E5B3C0011555C /* Info.plist */,
			);
			path = "eBook-HWTests";
			sourceTree = "<group>";
		};
		F9E9FD5B223E5B3C0011555C /* eBook-HWUITests */ = {
			isa = PBXGroup;
			children = (
				F9E9FD5C223E5B3C0011555C /* eBook_HWUITests.swift */,
				F9E9FD5E223E5B3C0011555C /* Info.plist */,
			);
			path = "eBook-HWUITests";
			sourceTree = "<group>";
		};
/* End PBXGroup section */

/* Begin PBXNativeTarget section */
		F9E9FD38223E5B3B0011555C /* eBook-HW */ = {
			isa = PBXNativeTarget;
			buildConfigurationList = F9E9FD61223E5B3C0011555C /* Build configuration list for PBXNativeTarget "eBook-HW" */;
			buildPhases = (
				F9E9FD35223E5B3B0011555C /* Sources */,
				F9E9FD36223E5B3B0011555C /* Frameworks */,
				F9E9FD37223E5B3B0011555C /* Resources */,
			);
			buildRules = (
			);
			dependencies = (
			);
			name = "eBook-HW";
			productName = "eBook-HW";
			productReference = F9E9FD39223E5B3B0011555C /* eBook-HW.app */;
			productType = "com.apple.product-type.application";
		};
		F9E9FD4C223E5B3C0011555C /* eBook-HWTests */ = {
			isa = PBXNativeTarget;
			buildConfigurationList = F9E9FD64223E5B3C0011555C /* Build configuration list for PBXNativeTarget "eBook-HWTests" */;
			buildPhases = (
				F9E9FD49223E5B3C0011555C /* Sources */,
				F9E9FD4A223E5B3C0011555C /* Frameworks */,
				F9E9FD4B223E5B3C0011555C /* Resources */,
			);
			buildRules = (
			);
			dependencies = (
				F9E9FD4F223E5B3C0011555C /* PBXTargetDependency */,
			);
			name = "eBook-HWTests";
			productName = "eBook-HWTests";
			productReference = F9E9FD4D223E5B3C0011555C /* eBook-HWTests.xctest */;
			productType = "com.apple.product-type.bundle.unit-test";
		};
		F9E9FD57223E5B3C0011555C /* eBook-HWUITests */ = {
			isa = PBXNativeTarget;
			buildConfigurationList = F9E9FD67223E5B3C0011555C /* Build configuration list for PBXNativeTarget "eBook-HWUITests" */;
			buildPhases = (
				F9E9FD54223E5B3C0011555C /* Sources */,
				F9E9FD55223E5B3C0011555C /* Frameworks */,
				F9E9FD56223E5B3C0011555C /* Resources */,
			);
			buildRules = (
			);
			dependencies = (
				F9E9FD5A223E5B3C0011555C /* PBXTargetDependency */,
			);
			name = "eBook-HWUITests";
			productName = "eBook-HWUITests";
			productReference = F9E9FD58223E5B3C0011555C /* eBook-HWUITests.xctest */;
			productType = "com.apple.product-type.bundle.ui-testing";
		};
/* End PBXNativeTarget section */

/* Begin PBXProject section */
		F9E9FD31223E5B3B0011555C /* Project object */ = {
			isa = PBXProject;
			attributes = {
				LastSwiftUpdateCheck = 1020;
				LastUpgradeCheck = 1020;
				ORGANIZATIONNAME = VMwareMojave;
				TargetAttributes = {
					F9E9FD38223E5B3B0011555C = {
						CreatedOnToolsVersion = 10.2;
					};
					F9E9FD4C223E5B3C0011555C = {
						CreatedOnToolsVersion = 10.2;
						TestTargetID = F9E9FD38223E5B3B0011555C;
					};
					F9E9FD57223E5B3C0011555C = {
						CreatedOnToolsVersion = 10.2;
						TestTargetID = F9E9FD38223E5B3B0011555C;
					};
				};
			};
			buildConfigurationList = F9E9FD34223E5B3B0011555C /* Build configuration list for PBXProject "eBook-HW" */;
			compatibilityVersion = "Xcode 9.3";
			developmentRegion = en;
			hasScannedForEncodings = 0;
			knownRegions = (
				en,
				Base,
			);
			mainGroup = F9E9FD30223E5B3B0011555C;
			productRefGroup = F9E9FD3A223E5B3B0011555C /* Products */;
			projectDirPath = "";
			projectRoot = "";
			targets = (
				F9E9FD38223E5B3B0011555C /* eBook-HW */,
				F9E9FD4C223E5B3C0011555C /* eBook-HWTests */,
				F9E9FD57223E5B3C0011555C /* eBook-HWUITests */,
			);
		};
/* End PBXProject section */

/* Begin PBXResourcesBuildPhase section */
		F9E9FD37223E5B3B0011555C /* Resources */ = {
			isa = PBXResourcesBuildPhase;
			buildActionMask = 2147483647;
			files = (
				9CBFA8DB22415D78000A0CFB /* speedwagon.png in Resources */,
				9CBFA8FD22416BF2000A0CFB /* イギー.png in Resources */,
				9CBFA908224179CA000A0CFB /* The_Fool_Stand.png in Resources */,
				9CBFA8DF22415D78000A0CFB /* dio2.jpg in Resources */,
				9CBFA8EA22415D78000A0CFB /* 威廉·A·齐贝林.jpg in Resources */,
				9CBFA90A22417A1C000A0CFB /* star platinum.png in Resources */,
				9CBFA91222418105000A0CFB /* 隐者之紫.jpg in Resources */,
				9CBFA907224179CA000A0CFB /* Silver chariots.png in Resources */,
				9CBFA8F4224167EB000A0CFB /* polnareff.png in Resources */,
				9CBFA8E422415D78000A0CFB /* ジョナサン・ジョースター.jpg in Resources */,
				9CBFA8E922415D78000A0CFB /* 09lKtaZ.gif in Resources */,
				9CBFA8D822415D78000A0CFB /* 封面.JPG in Resources */,
				9CBFA8EC22415D78000A0CFB /* 喬瑟夫·喬斯達-能力.PNG in Resources */,
				9CBFA8FC22416BF2000A0CFB /* b10e5901.jpg in Resources */,
				9CBFA8DD22415D78000A0CFB /* 空條徐倫-能力表.PNG in Resources */,
				F9E9FD47223E5B3C0011555C /* LaunchScreen.storyboard in Resources */,
				9CBFA8E522415D78000A0CFB /* 48421029_1217245555099253_6947797874084151296_n.jpg in Resources */,
				9CBFA8E122415D78000A0CFB /* 0001473620.JPG in Resources */,
				9CBFA91A22420878000A0CFB /* 54433079_410689553066156_6284058996869431296_n copy 3.png in Resources */,
				9CBFA8D422415D78000A0CFB /* images (1).jpg in Resources */,
				9CBFA8F122416492000A0CFB /* 空條承太郎.png in Resources */,
				9CBFA8F022416492000A0CFB /* kakyoin.png in Resources */,
				9CBFA8E822415D78000A0CFB /* 空條承太郎-能力-(3,4).PNG in Resources */,
				9CBFA91E22420A30000A0CFB /* home-2.pdf in Resources */,
				9CBFA906224179CA000A0CFB /* 300px-Magician's_Red_AnimeAV.png in Resources */,
				9CBFA8E622415D78000A0CFB /* dio.png in Resources */,
				9CBFA8EB22415D78000A0CFB /* images.jpg in Resources */,
				9CBFA90E22417EB5000A0CFB /* ハイエロファントグリーン.png in Resources */,
				9CBFA8D622415D78000A0CFB /* 简·皮耶尔·波鲁纳雷夫-能力.PNG in Resources */,
				9CBFA8DE22415D78000A0CFB /* 西撒.jpg in Resources */,
				9CBFA8DA22415D78000A0CFB /* 空條承太郎-能力-(6初期).PNG in Resources */,
				9CE99824224222D20001D322 /* StardustCrusaders.storyboard in Resources */,
				9CBFA91022417FB4000A0CFB /* 二喬.png in Resources */,
				9CBFA92022420A30000A0CFB /* home.pdf in Resources */,
				F9E9FD44223E5B3C0011555C /* Assets.xcassets in Resources */,
				9CBFA8F7224168C6000A0CFB /* 250px-MuhammadAvdol.png in Resources */,
				F9E9FD42223E5B3B0011555C /* Main.storyboard in Resources */,
				9CE99820224217A50001D322 /* home.png in Resources */,
				9CBFA914224181F1000A0CFB /* polnareff_封面.jpg in Resources */,
				9CBFA91F22420A30000A0CFB /* profiles.pdf in Resources */,
				9CBFA8E222415D78000A0CFB /* 莉莎莉莎.jpg in Resources */,
				9CBFA8D922415D78000A0CFB /* 549e4c7e.jpg in Resources */,
				9CBFA8F222416492000A0CFB /* Joseph Joestar.png in Resources */,
				9CBFA8D722415D78000A0CFB /* 花京院典明-能力.PNG in Resources */,
				9CBFA9162241832F000A0CFB /* YESIAM!_Anime.png in Resources */,
				9CBFA91822418488000A0CFB /* 伊奇＿能力.png in Resources */,
				9CE99821224217A50001D322 /* profiles.png in Resources */,
				9CBFA8F8224168C6000A0CFB /* アヴドゥル.png in Resources */,
				9CBFA90C22417E66000A0CFB /* 花京院典明＿封面.jpg in Resources */,
				9CBFA8E322415D78000A0CFB /* 空條承太郎-能力-(6後期).PNG in Resources */,
				9CBFA8FE22416BF2000A0CFB /* イギー2.jpg in Resources */,
				9CBFA8E722415D78000A0CFB /* 穆罕默德·阿布德爾-能力.PNG in Resources */,
				9CBFA8DC22415D78000A0CFB /* 喬瑟夫·喬斯達.jpg in Resources */,
				9CBFA8D522415D78000A0CFB /* 0001429587.JPG in Resources */,
			);
			runOnlyForDeploymentPostprocessing = 0;
		};
		F9E9FD4B223E5B3C0011555C /* Resources */ = {
			isa = PBXResourcesBuildPhase;
			buildActionMask = 2147483647;
			files = (
			);
			runOnlyForDeploymentPostprocessing = 0;
		};
		F9E9FD56223E5B3C0011555C /* Resources */ = {
			isa = PBXResourcesBuildPhase;
			buildActionMask = 2147483647;
			files = (
			);
			runOnlyForDeploymentPostprocessing = 0;
		};
/* End PBXResourcesBuildPhase section */

/* Begin PBXSourcesBuildPhase section */
		F9E9FD35223E5B3B0011555C /* Sources */ = {
			isa = PBXSourcesBuildPhase;
			buildActionMask = 2147483647;
			files = (
				F9E9FD3F223E5B3B0011555C /* ViewController.swift in Sources */,
				F9E9FD3D223E5B3B0011555C /* AppDelegate.swift in Sources */,
			);
			runOnlyForDeploymentPostprocessing = 0;
		};
		F9E9FD49223E5B3C0011555C /* Sources */ = {
			isa = PBXSourcesBuildPhase;
			buildActionMask = 2147483647;
			files = (
				F9E9FD52223E5B3C0011555C /* eBook_HWTests.swift in Sources */,
			);
			runOnlyForDeploymentPostprocessing = 0;
		};
		F9E9FD54223E5B3C0011555C /* Sources */ = {
			isa = PBXSourcesBuildPhase;
			buildActionMask = 2147483647;
			files = (
				F9E9FD5D223E5B3C0011555C /* eBook_HWUITests.swift in Sources */,
			);
			runOnlyForDeploymentPostprocessing = 0;
		};
/* End PBXSourcesBuildPhase section */

/* Begin PBXTargetDependency section */
		F9E9FD4F223E5B3C0011555C /* PBXTargetDependency */ = {
			isa = PBXTargetDependency;
			target = F9E9FD38223E5B3B0011555C /* eBook-HW */;
			targetProxy = F9E9FD4E223E5B3C0011555C /* PBXContainerItemProxy */;
		};
		F9E9FD5A223E5B3C0011555C /* PBXTargetDependency */ = {
			isa = PBXTargetDependency;
			target = F9E9FD38223E5B3B0011555C /* eBook-HW */;
			targetProxy = F9E9FD59223E5B3C0011555C /* PBXContainerItemProxy */;
		};
/* End PBXTargetDependency section */

/* Begin PBXVariantGroup section */
		9CE99822224222D20001D322 /* StardustCrusaders.storyboard */ = {
			isa = PBXVariantGroup;
			children = (
				9CE99823224222D20001D322 /* Base */,
			);
			name = StardustCrusaders.storyboard;
			sourceTree = "<group>";
		};
		F9E9FD40223E5B3B0011555C /* Main.storyboard */ = {
			isa = PBXVariantGroup;
			children = (
				F9E9FD41223E5B3B0011555C /* Base */,
			);
			name = Main.storyboard;
			sourceTree = "<group>";
		};
		F9E9FD45223E5B3C0011555C /* LaunchScreen.storyboard */ = {
			isa = PBXVariantGroup;
			children = (
				F9E9FD46223E5B3C0011555C /* Base */,
			);
			name = LaunchScreen.storyboard;
			sourceTree = "<group>";
		};
/* End PBXVariantGroup section */

/* Begin XCBuildConfiguration section */
		F9E9FD5F223E5B3C0011555C /* Debug */ = {
			isa = XCBuildConfiguration;
			buildSettings = {
				ALWAYS_SEARCH_USER_PATHS = NO;
				CLANG_ANALYZER_NONNULL = YES;
				CLANG_ANALYZER_NUMBER_OBJECT_CONVERSION = YES_AGGRESSIVE;
				CLANG_CXX_LANGUAGE_STANDARD = "gnu++14";
				CLANG_CXX_LIBRARY = "libc++";
				CLANG_ENABLE_MODULES = YES;
				CLANG_ENABLE_OBJC_ARC = YES;
				CLANG_ENABLE_OBJC_WEAK = YES;
				CLANG_WARN_BLOCK_CAPTURE_AUTORELEASING = YES;
				CLANG_WARN_BOOL_CONVERSION = YES;
				CLANG_WARN_COMMA = YES;
				CLANG_WARN_CONSTANT_CONVERSION = YES;
				CLANG_WARN_DEPRECATED_OBJC_IMPLEMENTATIONS = YES;
				CLANG_WARN_DIRECT_OBJC_ISA_USAGE = YES_ERROR;
				CLANG_WARN_DOCUMENTATION_COMMENTS = YES;
				CLANG_WARN_EMPTY_BODY = YES;
				CLANG_WARN_ENUM_CONVERSION = YES;
				CLANG_WARN_INFINITE_RECURSION = YES;
				CLANG_WARN_INT_CONVERSION = YES;
				CLANG_WARN_NON_LITERAL_NULL_CONVERSION = YES;
				CLANG_WARN_OBJC_IMPLICIT_RETAIN_SELF = YES;
				CLANG_WARN_OBJC_LITERAL_CONVERSION = YES;
				CLANG_WARN_OBJC_ROOT_CLASS = YES_ERROR;
				CLANG_WARN_RANGE_LOOP_ANALYSIS = YES;
				CLANG_WARN_STRICT_PROTOTYPES = YES;
				CLANG_WARN_SUSPICIOUS_MOVE = YES;
				CLANG_WARN_UNGUARDED_AVAILABILITY = YES_AGGRESSIVE;
				CLANG_WARN_UNREACHABLE_CODE = YES;
				CLANG_WARN__DUPLICATE_METHOD_MATCH = YES;
				CODE_SIGN_IDENTITY = "iPhone Developer";
				COPY_PHASE_STRIP = NO;
				DEBUG_INFORMATION_FORMAT = dwarf;
				ENABLE_STRICT_OBJC_MSGSEND = YES;
				ENABLE_TESTABILITY = YES;
				GCC_C_LANGUAGE_STANDARD = gnu11;
				GCC_DYNAMIC_NO_PIC = NO;
				GCC_NO_COMMON_BLOCKS = YES;
				GCC_OPTIMIZATION_LEVEL = 0;
				GCC_PREPROCESSOR_DEFINITIONS = (
					"DEBUG=1",
					"$(inherited)",
				);
				GCC_WARN_64_TO_32_BIT_CONVERSION = YES;
				GCC_WARN_ABOUT_RETURN_TYPE = YES_ERROR;
				GCC_WARN_UNDECLARED_SELECTOR = YES;
				GCC_WARN_UNINITIALIZED_AUTOS = YES_AGGRESSIVE;
				GCC_WARN_UNUSED_FUNCTION = YES;
				GCC_WARN_UNUSED_VARIABLE = YES;
				IPHONEOS_DEPLOYMENT_TARGET = 12.2;
				MTL_ENABLE_DEBUG_INFO = INCLUDE_SOURCE;
				MTL_FAST_MATH = YES;
				ONLY_ACTIVE_ARCH = YES;
				SDKROOT = iphoneos;
				SWIFT_ACTIVE_COMPILATION_CONDITIONS = DEBUG;
				SWIFT_OPTIMIZATION_LEVEL = "-Onone";
			};
			name = Debug;
		};
		F9E9FD60223E5B3C0011555C /* Release */ = {
			isa = XCBuildConfiguration;
			buildSettings = {
				ALWAYS_SEARCH_USER_PATHS = NO;
				CLANG_ANALYZER_NONNULL = YES;
				CLANG_ANALYZER_NUMBER_OBJECT_CONVERSION = YES_AGGRESSIVE;
				CLANG_CXX_LANGUAGE_STANDARD = "gnu++14";
				CLANG_CXX_LIBRARY = "libc++";
				CLANG_ENABLE_MODULES = YES;
				CLANG_ENABLE_OBJC_ARC = YES;
				CLANG_ENABLE_OBJC_WEAK = YES;
				CLANG_WARN_BLOCK_CAPTURE_AUTORELEASING = YES;
				CLANG_WARN_BOOL_CONVERSION = YES;
				CLANG_WARN_COMMA = YES;
				CLANG_WARN_CONSTANT_CONVERSION = YES;
				CLANG_WARN_DEPRECATED_OBJC_IMPLEMENTATIONS = YES;
				CLANG_WARN_DIRECT_OBJC_ISA_USAGE = YES_ERROR;
				CLANG_WARN_DOCUMENTATION_COMMENTS = YES;
				CLANG_WARN_EMPTY_BODY = YES;
				CLANG_WARN_ENUM_CONVERSION = YES;
				CLANG_WARN_INFINITE_RECURSION = YES;
				CLANG_WARN_INT_CONVERSION = YES;
				CLANG_WARN_NON_LITERAL_NULL_CONVERSION = YES;
				CLANG_WARN_OBJC_IMPLICIT_RETAIN_SELF = YES;
				CLANG_WARN_OBJC_LITERAL_CONVERSION = YES;
				CLANG_WARN_OBJC_ROOT_CLASS = YES_ERROR;
				CLANG_WARN_RANGE_LOOP_ANALYSIS = YES;
				CLANG_WARN_STRICT_PROTOTYPES = YES;
				CLANG_WARN_SUSPICIOUS_MOVE = YES;
				CLANG_WARN_UNGUARDED_AVAILABILITY = YES_AGGRESSIVE;
				CLANG_WARN_UNREACHABLE_CODE = YES;
				CLANG_WARN__DUPLICATE_METHOD_MATCH = YES;
				CODE_SIGN_IDENTITY = "iPhone Developer";
				COPY_PHASE_STRIP = NO;
				DEBUG_INFORMATION_FORMAT = "dwarf-with-dsym";
				ENABLE_NS_ASSERTIONS = NO;
				ENABLE_STRICT_OBJC_MSGSEND = YES;
				GCC_C_LANGUAGE_STANDARD = gnu11;
				GCC_NO_COMMON_BLOCKS = YES;
				GCC_WARN_64_TO_32_BIT_CONVERSION = YES;
				GCC_WARN_ABOUT_RETURN_TYPE = YES_ERROR;
				GCC_WARN_UNDECLARED_SELECTOR = YES;
				GCC_WARN_UNINITIALIZED_AUTOS = YES_AGGRESSIVE;
				GCC_WARN_UNUSED_FUNCTION = YES;
				GCC_WARN_UNUSED_VARIABLE = YES;
				IPHONEOS_DEPLOYMENT_TARGET = 12.2;
				MTL_ENABLE_DEBUG_INFO = NO;
				MTL_FAST_MATH = YES;
				SDKROOT = iphoneos;
				SWIFT_COMPILATION_MODE = wholemodule;
				SWIFT_OPTIMIZATION_LEVEL = "-O";
				VALIDATE_PRODUCT = YES;
			};
			name = Release;
		};
		F9E9FD62223E5B3C0011555C /* Debug */ = {
			isa = XCBuildConfiguration;
			buildSettings = {
				ASSETCATALOG_COMPILER_APPICON_NAME = AppIcon;
				CODE_SIGN_STYLE = Automatic;
				DEVELOPMENT_TEAM = "";
				INFOPLIST_FILE = "eBook-HW/Info.plist";
				LD_RUNPATH_SEARCH_PATHS = (
					"$(inherited)",
					"@executable_path/Frameworks",
				);
				PRODUCT_BUNDLE_IDENTIFIER = "hsumax0216.eBook-HW";
				PRODUCT_NAME = "$(TARGET_NAME)";
				SWIFT_VERSION = 5.0;
				TARGETED_DEVICE_FAMILY = "1,2";
			};
			name = Debug;
		};
		F9E9FD63223E5B3C0011555C /* Release */ = {
			isa = XCBuildConfiguration;
			buildSettings = {
				ASSETCATALOG_COMPILER_APPICON_NAME = AppIcon;
				CODE_SIGN_STYLE = Automatic;
				DEVELOPMENT_TEAM = "";
				INFOPLIST_FILE = "eBook-HW/Info.plist";
				LD_RUNPATH_SEARCH_PATHS = (
					"$(inherited)",
					"@executable_path/Frameworks",
				);
				PRODUCT_BUNDLE_IDENTIFIER = "hsumax0216.eBook-HW";
				PRODUCT_NAME = "$(TARGET_NAME)";
				SWIFT_VERSION = 5.0;
				TARGETED_DEVICE_FAMILY = "1,2";
			};
			name = Release;
		};
		F9E9FD65223E5B3C0011555C /* Debug */ = {
			isa = XCBuildConfiguration;
			buildSettings = {
				ALWAYS_EMBED_SWIFT_STANDARD_LIBRARIES = YES;
				BUNDLE_LOADER = "$(TEST_HOST)";
				CODE_SIGN_STYLE = Automatic;
				INFOPLIST_FILE = "eBook-HWTests/Info.plist";
				LD_RUNPATH_SEARCH_PATHS = (
					"$(inherited)",
					"@executable_path/Frameworks",
					"@loader_path/Frameworks",
				);
				PRODUCT_BUNDLE_IDENTIFIER = "hsumax0216.eBook-HWTests";
				PRODUCT_NAME = "$(TARGET_NAME)";
				SWIFT_VERSION = 5.0;
				TARGETED_DEVICE_FAMILY = "1,2";
				TEST_HOST = "$(BUILT_PRODUCTS_DIR)/eBook-HW.app/eBook-HW";
			};
			name = Debug;
		};
		F9E9FD66223E5B3C0011555C /* Release */ = {
			isa = XCBuildConfiguration;
			buildSettings = {
				ALWAYS_EMBED_SWIFT_STANDARD_LIBRARIES = YES;
				BUNDLE_LOADER = "$(TEST_HOST)";
				CODE_SIGN_STYLE = Automatic;
				INFOPLIST_FILE = "eBook-HWTests/Info.plist";
				LD_RUNPATH_SEARCH_PATHS = (
					"$(inherited)",
					"@executable_path/Frameworks",
					"@loader_path/Frameworks",
				);
				PRODUCT_BUNDLE_IDENTIFIER = "hsumax0216.eBook-HWTests";
				PRODUCT_NAME = "$(TARGET_NAME)";
				SWIFT_VERSION = 5.0;
				TARGETED_DEVICE_FAMILY = "1,2";
				TEST_HOST = "$(BUILT_PRODUCTS_DIR)/eBook-HW.app/eBook-HW";
			};
			name = Release;
		};
		F9E9FD68223E5B3C0011555C /* Debug */ = {
			isa = XCBuildConfiguration;
			buildSettings = {
				ALWAYS_EMBED_SWIFT_STANDARD_LIBRARIES = YES;
				CODE_SIGN_STYLE = Automatic;
				INFOPLIST_FILE = "eBook-HWUITests/Info.plist";
				LD_RUNPATH_SEARCH_PATHS = (
					"$(inherited)",
					"@executable_path/Frameworks",
					"@loader_path/Frameworks",
				);
				PRODUCT_BUNDLE_IDENTIFIER = "hsumax0216.eBook-HWUITests";
				PRODUCT_NAME = "$(TARGET_NAME)";
				SWIFT_VERSION = 5.0;
				TARGETED_DEVICE_FAMILY = "1,2";
				TEST_TARGET_NAME = "eBook-HW";
			};
			name = Debug;
		};
		F9E9FD69223E5B3C0011555C /* Release */ = {
			isa = XCBuildConfiguration;
			buildSettings = {
				ALWAYS_EMBED_SWIFT_STANDARD_LIBRARIES = YES;
				CODE_SIGN_STYLE = Automatic;
				INFOPLIST_FILE = "eBook-HWUITests/Info.plist";
				LD_RUNPATH_SEARCH_PATHS = (
					"$(inherited)",
					"@executable_path/Frameworks",
					"@loader_path/Frameworks",
				);
				PRODUCT_BUNDLE_IDENTIFIER = "hsumax0216.eBook-HWUITests";
				PRODUCT_NAME = "$(TARGET_NAME)";
				SWIFT_VERSION = 5.0;
				TARGETED_DEVICE_FAMILY = "1,2";
				TEST_TARGET_NAME = "eBook-HW";
			};
			name = Release;
		};
/* End XCBuildConfiguration section */

/* Begin XCConfigurationList section */
		F9E9FD34223E5B3B0011555C /* Build configuration list for PBXProject "eBook-HW" */ = {
			isa = XCConfigurationList;
			buildConfigurations = (
				F9E9FD5F223E5B3C0011555C /* Debug */,
				F9E9FD60223E5B3C0011555C /* Release */,
			);
			defaultConfigurationIsVisible = 0;
			defaultConfigurationName = Release;
		};
		F9E9FD61223E5B3C0011555C /* Build configuration list for PBXNativeTarget "eBook-HW" */ = {
			isa = XCConfigurationList;
			buildConfigurations = (
				F9E9FD62223E5B3C0011555C /* Debug */,
				F9E9FD63223E5B3C0011555C /* Release */,
			);
			defaultConfigurationIsVisible = 0;
			defaultConfigurationName = Release;
		};
		F9E9FD64223E5B3C0011555C /* Build configuration list for PBXNativeTarget "eBook-HWTests" */ = {
			isa = XCConfigurationList;
			buildConfigurations = (
				F9E9FD65223E5B3C0011555C /* Debug */,
				F9E9FD66223E5B3C0011555C /* Release */,
			);
			defaultConfigurationIsVisible = 0;
			defaultConfigurationName = Release;
		};
		F9E9FD67223E5B3C0011555C /* Build configuration list for PBXNativeTarget "eBook-HWUITests" */ = {
			isa = XCConfigurationList;
			buildConfigurations = (
				F9E9FD68223E5B3C0011555C /* Debug */,
				F9E9FD69223E5B3C0011555C /* Release */,
			);
			defaultConfigurationIsVisible = 0;
			defaultConfigurationName = Release;
		};
/* End XCConfigurationList section */
	};
	rootObject = F9E9FD31223E5B3B0011555C /* Project object */;
}
